
Microsoft Visual Studio Solution File, Format Version 12.00
# Visual Studio Version 17
VisualStudioVersion = 17.3.32929.385
MinimumVisualStudioVersion = 10.0.40219.1
Project("{FAE04EC0-301F-11D3-BF4B-00C04F79EFBC}") = "zadania 8.4", "zadania 8.4\zadania 8.4.csproj", "{C6A1CBA9-C637-4042-89B6-26DECF0D3A93}"
EndProject
Global
	GlobalSection(SolutionConfigurationPlatforms) = preSolution
		Debug|Any CPU = Debug|Any CPU
		Release|Any CPU = Release|Any CPU
	EndGlobalSection
	GlobalSection(ProjectConfigurationPlatforms) = postSolution
		{C6A1CBA9-C637-4042-89B6-26DECF0D3A93}.Debug|Any CPU.ActiveCfg = Debug|Any CPU
		{C6A1CBA9-C637-4042-89B6-26DECF0D3A93}.Debug|Any CPU.Build.0 = Debug|Any CPU
		{C6A1CBA9-C637-4042-89B6-26DECF0D3A93}.Release|Any CPU.ActiveCfg = Release|Any CPU
		{C6A1CBA9-C637-4042-89B6-26DECF0D3A93}.Release|Any CPU.Build.0 = Release|Any CPU
	EndGlobalSection
	GlobalSection(SolutionProperties) = preSolution
		HideSolutionNode = FALSE
	EndGlobalSection
	GlobalSection(ExtensibilityGlobals) = postSolution
		SolutionGuid = {9CF49F1C-C129-4611-8B77-1B0E17A4A09D}
	EndGlobalSection
EndGlobal
